
Microsoft Visual Studio Solution File, Format Version 12.00
# Visual Studio Version 16
VisualStudioVersion = 16.0.31005.135
MinimumVisualStudioVersion = 10.0.40219.1
Project("{9A19103F-16F7-4668-BE54-9A1E7A4F7556}") = "EmployeeApi", "EmployeeApi\EmployeeApi.csproj", "{B99D7256-E651-40EB-BFA8-B76BF3E8EE59}"
EndProject
Project("{FAE04EC0-301F-11D3-BF4B-00C04F79EFBC}") = "EmployeeApi.Test", "EmployeeApi.Test\EmployeeApi.Test.csproj", "{F27BA27D-EBD5-486C-B83A-EEFBCD6A099B}"
EndProject
Project("{2150E333-8FDC-42A3-9474-1A3956D46DE8}") = "Test", "Test", "{59971164-4566-4B0F-9805-910161BCD10F}"
EndProject
Project("{2150E333-8FDC-42A3-9474-1A3956D46DE8}") = "IntegrationTest", "IntegrationTest", "{7A5B80E3-C703-4A74-ADFF-CA027F5E6753}"
EndProject
Global
	GlobalSection(SolutionConfigurationPlatforms) = preSolution
		Debug|Any CPU = Debug|Any CPU
		Release|Any CPU = Release|Any CPU
	EndGlobalSection
	GlobalSection(ProjectConfigurationPlatforms) = postSolution
		{B99D7256-E651-40EB-BFA8-B76BF3E8EE59}.Debug|Any CPU.ActiveCfg = Debug|Any CPU
		{B99D7256-E651-40EB-BFA8-B76BF3E8EE59}.Debug|Any CPU.Build.0 = Debug|Any CPU
		{B99D7256-E651-40EB-BFA8-B76BF3E8EE59}.Release|Any CPU.ActiveCfg = Release|Any CPU
		{B99D7256-E651-40EB-BFA8-B76BF3E8EE59}.Release|Any CPU.Build.0 = Release|Any CPU
		{F27BA27D-EBD5-486C-B83A-EEFBCD6A099B}.Debug|Any CPU.ActiveCfg = Debug|Any CPU
		{F27BA27D-EBD5-486C-B83A-EEFBCD6A099B}.Debug|Any CPU.Build.0 = Debug|Any CPU
		{F27BA27D-EBD5-486C-B83A-EEFBCD6A099B}.Release|Any CPU.ActiveCfg = Release|Any CPU
		{F27BA27D-EBD5-486C-B83A-EEFBCD6A099B}.Release|Any CPU.Build.0 = Release|Any CPU
	EndGlobalSection
	GlobalSection(SolutionProperties) = preSolution
		HideSolutionNode = FALSE
	EndGlobalSection
	GlobalSection(NestedProjects) = preSolution
		{F27BA27D-EBD5-486C-B83A-EEFBCD6A099B} = {7A5B80E3-C703-4A74-ADFF-CA027F5E6753}
		{7A5B80E3-C703-4A74-ADFF-CA027F5E6753} = {59971164-4566-4B0F-9805-910161BCD10F}
	EndGlobalSection
	GlobalSection(ExtensibilityGlobals) = postSolution
		SolutionGuid = {8A191879-ED9C-4D41-B570-643AB7D5EED7}
	EndGlobalSection
EndGlobal
